{
    "_readme": [
        "This file locks the dependencies of your project to a known state",
        "Read more about it at https://getcomposer.org/doc/01-basic-usage.md#composer-lock-the-lock-file",
        "This file is @generated automatically"
    ],
    "content-hash": "01febb4af168d4f7bca54f565a1790de",
    "packages": [
        {
            "name": "strapless/base",
            "version": "1.1.6",
            "source": {
                "type": "git",
                "url": "https://github.com/strapless/base.git",
                "reference": "a7ba47d09e32b6b9200db0f24d360cc73d75d253"
            },
            "dist": {
                "type": "zip",
                "url": "https://api.github.com/repos/strapless/base/zipball/a7ba47d09e32b6b9200db0f24d360cc73d75d253",
                "reference": "a7ba47d09e32b6b9200db0f24d360cc73d75d253",
                "shasum": ""
            },
            "type": "library",
            "notification-url": "https://packagist.org/downloads/",
            "license": [
                "MIT"
            ],
            "authors": [
                {
                    "name": "Aaron M Jones",
                    "homepage": "http://www.jonesiscoding.com"
                }
            ],
            "description": "SASS Functions & mixins for managing variables within various SASS components.",
            "homepage": "https://www.github.com/strapless/base",
            "keywords": [
                "css",
                "maps",
                "sass",
                "scss",
                "strapless",
                "variables"
            ],
            "time": "2017-12-13T13:53:02+00:00"
        },
        {
            "name": "strapless/colors",
            "version": "1.0.6",
            "source": {
                "type": "git",
                "url": "https://github.com/strapless/colors.git",
                "reference": "a33fd13fd3a264145d1b8007e2c74a1d302f25d9"
            },
            "dist": {
                "type": "zip",
                "url": "https://api.github.com/repos/strapless/colors/zipball/a33fd13fd3a264145d1b8007e2c74a1d302f25d9",
                "reference": "a33fd13fd3a264145d1b8007e2c74a1d302f25d9",
                "shasum": ""
            },
            "type": "library",
            "notification-url": "https://packagist.org/downloads/",
            "license": [
                "MIT"
            ],
            "authors": [
                {
                    "name": "Aaron M Jones",
                    "homepage": "http://www.jonesiscoding.com"
                }
            ],
            "description": "SASS color functions, maps and CSS used in StrapLess components.  Can also be used quite effectively in any SASS where one desires an easy way to manage colors.",
            "homepage": "https://www.github.com/strapless/colors",
            "keywords": [
                "color",
                "map",
                "sass",
                "scss",
                "strapless"
            ],
            "time": "2017-12-05T15:09:02+00:00"
        },
        {
            "name": "strapless/display",
            "version": "1.0.4",
            "source": {
                "type": "git",
                "url": "https://github.com/strapless/display.git",
                "reference": "efff0042b09d87e6b019bb6a4a1ead3899242d56"
            },
            "dist": {
                "type": "zip",
                "url": "https://api.github.com/repos/strapless/display/zipball/efff0042b09d87e6b019bb6a4a1ead3899242d56",
                "reference": "efff0042b09d87e6b019bb6a4a1ead3899242d56",
                "shasum": ""
            },
            "require": {
                "strapless/base": "^1.0"
            },
            "suggest": {
                "exactquery/d.js": "^2.2"
            },
            "type": "library",
            "notification-url": "https://packagist.org/downloads/",
            "license": [
                "MIT"
            ],
            "authors": [
                {
                    "name": "Aaron M Jones",
                    "homepage": "http://www.jonesiscoding.com"
                }
            ],
            "description": "Responsive classes for managing CSS display properties.",
            "homepage": "https://www.github.com/strapless/display",
            "keywords": [
                "css",
                "display",
                "responsive",
                "sass",
                "scss",
                "strapless"
            ],
            "time": "2017-12-13T13:58:58+00:00"
        },
        {
            "name": "strapless/layout",
            "version": "1.1",
            "source": {
                "type": "git",
                "url": "https://github.com/strapless/layout.git",
                "reference": "1ce43728416243b1a3c6cc1d623f243bfb468221"
            },
            "dist": {
                "type": "zip",
                "url": "https://api.github.com/repos/strapless/layout/zipball/1ce43728416243b1a3c6cc1d623f243bfb468221",
                "reference": "1ce43728416243b1a3c6cc1d623f243bfb468221",
                "shasum": ""
            },
            "require": {
                "strapless/base": "^1.1",
                "strapless/colors": "^1.0"
            },
            "type": "library",
            "notification-url": "https://packagist.org/downloads/",
            "license": [
                "MIT"
            ],
            "authors": [
                {
                    "name": "Aaron M Jones",
                    "homepage": "http://www.jonesiscoding.com"
                }
            ],
            "description": "CSS Classes, Mixins and Functions to control header, footer, and basic layout in the StrapLess CSS Framework.  Also usable for other CSS projects.",
            "homepage": "https://www.github.com/strapless/layout",
            "keywords": [
                "css",
                "layout",
                "sass",
                "scss",
                "strapless"
            ],
            "time": "2017-12-12T15:27:49+00:00"
        }
    ],
    "packages-dev": [],
    "aliases": [],
    "minimum-stability": "stable",
    "stability-flags": [],
    "prefer-stable": false,
    "prefer-lowest": false,
    "platform": [],
    "platform-dev": []
}
