{
    "_readme": [
        "This file locks the dependencies of your project to a known state",
        "Read more about it at https://getcomposer.org/doc/01-basic-usage.md#composer-lock-the-lock-file",
        "This file is @generated automatically"
    ],
    "content-hash": "bb66a3f901fa303156e25a8d1e01a1a9",
    "packages": [
        {
            "name": "strapless/base",
            "version": "1.1.9",
            "source": {
                "type": "git",
                "url": "https://github.com/strapless/base.git",
                "reference": "f355b4f37397d23a462df114dd416f5024f09051"
            },
            "dist": {
                "type": "zip",
                "url": "https://api.github.com/repos/strapless/base/zipball/f355b4f37397d23a462df114dd416f5024f09051",
                "reference": "f355b4f37397d23a462df114dd416f5024f09051",
                "shasum": ""
            },
            "type": "library",
            "notification-url": "https://packagist.org/downloads/",
            "license": [
                "MIT"
            ],
            "authors": [
                {
                    "name": "Aaron M Jones",
                    "homepage": "http://www.jonesiscoding.com"
                }
            ],
            "description": "SASS Functions & mixins for managing variables within various SASS components.",
            "homepage": "https://www.github.com/strapless/base",
            "keywords": [
                "css",
                "maps",
                "sass",
                "scss",
                "strapless",
                "variables"
            ],
            "time": "2018-02-08T04:03:31+00:00"
        },
        {
            "name": "strapless/colors",
            "version": "1.0.7",
            "source": {
                "type": "git",
                "url": "https://github.com/strapless/colors.git",
                "reference": "69a27dd9b4ef2d7957ac4edebbee7cad34bedbd1"
            },
            "dist": {
                "type": "zip",
                "url": "https://api.github.com/repos/strapless/colors/zipball/69a27dd9b4ef2d7957ac4edebbee7cad34bedbd1",
                "reference": "69a27dd9b4ef2d7957ac4edebbee7cad34bedbd1",
                "shasum": ""
            },
            "type": "library",
            "notification-url": "https://packagist.org/downloads/",
            "license": [
                "MIT"
            ],
            "authors": [
                {
                    "name": "Aaron M Jones",
                    "homepage": "http://www.jonesiscoding.com"
                }
            ],
            "description": "SASS color functions, maps and CSS used in StrapLess components.  Can also be used quite effectively in any SASS where one desires an easy way to manage colors.",
            "homepage": "https://www.github.com/strapless/colors",
            "keywords": [
                "color",
                "map",
                "sass",
                "scss",
                "strapless"
            ],
            "time": "2018-02-07T13:28:02+00:00"
        },
        {
            "name": "strapless/display",
            "version": "1.0.4",
            "source": {
                "type": "git",
                "url": "https://github.com/strapless/display.git",
                "reference": "efff0042b09d87e6b019bb6a4a1ead3899242d56"
            },
            "dist": {
                "type": "zip",
                "url": "https://api.github.com/repos/strapless/display/zipball/efff0042b09d87e6b019bb6a4a1ead3899242d56",
                "reference": "efff0042b09d87e6b019bb6a4a1ead3899242d56",
                "shasum": ""
            },
            "require": {
                "strapless/base": "^1.0"
            },
            "suggest": {
                "exactquery/d.js": "^2.2"
            },
            "type": "library",
            "notification-url": "https://packagist.org/downloads/",
            "license": [
                "MIT"
            ],
            "authors": [
                {
                    "name": "Aaron M Jones",
                    "homepage": "http://www.jonesiscoding.com"
                }
            ],
            "description": "Responsive classes for managing CSS display properties.",
            "homepage": "https://www.github.com/strapless/display",
            "keywords": [
                "css",
                "display",
                "responsive",
                "sass",
                "scss",
                "strapless"
            ],
            "time": "2017-12-13T13:58:58+00:00"
        },
        {
            "name": "strapless/icons",
            "version": "1.0.1",
            "source": {
                "type": "git",
                "url": "https://github.com/strapless/icons.git",
                "reference": "1c7fc4c1801d195cdefa3929605a858b64936d97"
            },
            "dist": {
                "type": "zip",
                "url": "https://api.github.com/repos/strapless/icons/zipball/1c7fc4c1801d195cdefa3929605a858b64936d97",
                "reference": "1c7fc4c1801d195cdefa3929605a858b64936d97",
                "shasum": ""
            },
            "require": {
                "strapless/base": "^1.1.5"
            },
            "type": "library",
            "notification-url": "https://packagist.org/downloads/",
            "license": [
                "MIT"
            ],
            "authors": [
                {
                    "name": "Aaron M Jones",
                    "homepage": "http://www.jonesiscoding.com"
                }
            ],
            "description": "CSS Classes, Mixins and Functions to manage icons for the StrapLess CSS Framework.  Also usable for other CSS projects.",
            "homepage": "https://www.github.com/strapless/icons",
            "keywords": [
                "css",
                "font",
                "icons",
                "sass",
                "scss",
                "strapless",
                "svg"
            ],
            "time": "2017-12-05T01:24:05+00:00"
        },
        {
            "name": "strapless/layout",
            "version": "1.1.3",
            "source": {
                "type": "git",
                "url": "https://github.com/strapless/layout.git",
                "reference": "7a0437fe572bcef4e0e8054c5fb9a15d350b041c"
            },
            "dist": {
                "type": "zip",
                "url": "https://api.github.com/repos/strapless/layout/zipball/7a0437fe572bcef4e0e8054c5fb9a15d350b041c",
                "reference": "7a0437fe572bcef4e0e8054c5fb9a15d350b041c",
                "shasum": ""
            },
            "require": {
                "strapless/base": "^1.1",
                "strapless/colors": "^1.0",
                "strapless/icons": "^1.0"
            },
            "type": "library",
            "notification-url": "https://packagist.org/downloads/",
            "license": [
                "MIT"
            ],
            "authors": [
                {
                    "name": "Aaron M Jones",
                    "homepage": "http://www.jonesiscoding.com"
                }
            ],
            "description": "CSS Classes, Mixins and Functions to control header, footer, and basic layout in the StrapLess CSS Framework.  Also usable for other CSS projects.",
            "homepage": "https://www.github.com/strapless/layout",
            "keywords": [
                "css",
                "layout",
                "sass",
                "scss",
                "strapless"
            ],
            "time": "2017-12-29T14:28:46+00:00"
        }
    ],
    "packages-dev": [],
    "aliases": [],
    "minimum-stability": "stable",
    "stability-flags": [],
    "prefer-stable": false,
    "prefer-lowest": false,
    "platform": [],
    "platform-dev": []
}
